
Microsoft Visual Studio Solution File, Format Version 12.00
# Visual Studio Version 17
VisualStudioVersion = 17.9.34728.123
MinimumVisualStudioVersion = 10.0.40219.1
Project("{FAE04EC0-301F-11D3-BF4B-00C04F79EFBC}") = "registrotecnico", "registrotecnico\registrotecnico.csproj", "{B59C1217-3927-4C42-9EB5-45BEF1B53743}"
EndProject
Global
	GlobalSection(SolutionConfigurationPlatforms) = preSolution
		Debug|Any CPU = Debug|Any CPU
		Release|Any CPU = Release|Any CPU
	EndGlobalSection
	GlobalSection(ProjectConfigurationPlatforms) = postSolution
		{B59C1217-3927-4C42-9EB5-45BEF1B53743}.Debug|Any CPU.ActiveCfg = Debug|Any CPU
		{B59C1217-3927-4C42-9EB5-45BEF1B53743}.Debug|Any CPU.Build.0 = Debug|Any CPU
		{B59C1217-3927-4C42-9EB5-45BEF1B53743}.Release|Any CPU.ActiveCfg = Release|Any CPU
		{B59C1217-3927-4C42-9EB5-45BEF1B53743}.Release|Any CPU.Build.0 = Release|Any CPU
	EndGlobalSection
	GlobalSection(SolutionProperties) = preSolution
		HideSolutionNode = FALSE
	EndGlobalSection
	GlobalSection(ExtensibilityGlobals) = postSolution
		SolutionGuid = {4E940837-3908-4883-9D9D-C1723EA15632}
	EndGlobalSection
EndGlobal
